
Microsoft Visual Studio Solution File, Format Version 12.00
# Visual Studio Version 16
VisualStudioVersion = 16.0.28803.452
MinimumVisualStudioVersion = 10.0.40219.1
Project("{FAE04EC0-301F-11D3-BF4B-00C04F79EFBC}") = "AccessAnalyzer", "AccessAnalyzer\AccessAnalyzer.csproj", "{3E5EEE8D-E905-47AF-BE70-18924ACF12AB}"
EndProject
Project("{D954291E-2A0B-460D-934E-DC6B0785DB48}") = "RefererAnalyzer", "RefererAnalyzer\RefererAnalyzer.shproj", "{3E8646B8-48A8-4B8B-BEC4-07EC6F250B00}"
EndProject
Project("{FAE04EC0-301F-11D3-BF4B-00C04F79EFBC}") = "AccessAnalyzerSample", "AccessAnalyzerSample\AccessAnalyzerSample.csproj", "{1CED170F-4AA6-4A48-A808-FDA6617E9E4E}"
EndProject
Project("{D954291E-2A0B-460D-934E-DC6B0785DB48}") = "LogReader", "LogReader\LogReader.shproj", "{253B00F7-8866-4E8E-AEF2-912BAC236936}"
EndProject
Project("{FAE04EC0-301F-11D3-BF4B-00C04F79EFBC}") = "AccessAnalyzerTests", "AccessAnalyzerTests\AccessAnalyzerTests.csproj", "{9999BA5D-D3AD-4788-B57B-981A9FCD94F7}"
EndProject
Project("{2150E333-8FDC-42A3-9474-1A3956D46DE8}") = "Solution Items", "Solution Items", "{A037553F-A9B9-44FC-BE37-8404DEB9ADD9}"
	ProjectSection(SolutionItems) = preProject
		.gitignore = .gitignore
		LICENSE = LICENSE
		README.md = README.md
	EndProjectSection
EndProject
Project("{FAE04EC0-301F-11D3-BF4B-00C04F79EFBC}") = "DotNetStandard", "DotNetStandard\DotNetStandard.csproj", "{299E0023-C071-4594-B4E2-4E55BD849B64}"
EndProject
Global
	GlobalSection(SharedMSBuildProjectFiles) = preSolution
		LogReader\LogReader.projitems*{253b00f7-8866-4e8e-aef2-912bac236936}*SharedItemsImports = 13
		LogReader\LogReader.projitems*{3e5eee8d-e905-47af-be70-18924acf12ab}*SharedItemsImports = 4
		RefererAnalyzer\RefererAnalyzer.projitems*{3e5eee8d-e905-47af-be70-18924acf12ab}*SharedItemsImports = 4
		RefererAnalyzer\RefererAnalyzer.projitems*{3e8646b8-48a8-4b8b-bec4-07ec6f250b00}*SharedItemsImports = 13
	EndGlobalSection
	GlobalSection(SolutionConfigurationPlatforms) = preSolution
		Debug|Any CPU = Debug|Any CPU
		Release|Any CPU = Release|Any CPU
	EndGlobalSection
	GlobalSection(ProjectConfigurationPlatforms) = postSolution
		{3E5EEE8D-E905-47AF-BE70-18924ACF12AB}.Debug|Any CPU.ActiveCfg = Debug|Any CPU
		{3E5EEE8D-E905-47AF-BE70-18924ACF12AB}.Debug|Any CPU.Build.0 = Debug|Any CPU
		{3E5EEE8D-E905-47AF-BE70-18924ACF12AB}.Release|Any CPU.ActiveCfg = Release|Any CPU
		{3E5EEE8D-E905-47AF-BE70-18924ACF12AB}.Release|Any CPU.Build.0 = Release|Any CPU
		{1CED170F-4AA6-4A48-A808-FDA6617E9E4E}.Debug|Any CPU.ActiveCfg = Debug|Any CPU
		{1CED170F-4AA6-4A48-A808-FDA6617E9E4E}.Debug|Any CPU.Build.0 = Debug|Any CPU
		{1CED170F-4AA6-4A48-A808-FDA6617E9E4E}.Release|Any CPU.ActiveCfg = Release|Any CPU
		{1CED170F-4AA6-4A48-A808-FDA6617E9E4E}.Release|Any CPU.Build.0 = Release|Any CPU
		{9999BA5D-D3AD-4788-B57B-981A9FCD94F7}.Debug|Any CPU.ActiveCfg = Debug|Any CPU
		{9999BA5D-D3AD-4788-B57B-981A9FCD94F7}.Debug|Any CPU.Build.0 = Debug|Any CPU
		{9999BA5D-D3AD-4788-B57B-981A9FCD94F7}.Release|Any CPU.ActiveCfg = Release|Any CPU
		{9999BA5D-D3AD-4788-B57B-981A9FCD94F7}.Release|Any CPU.Build.0 = Release|Any CPU
		{299E0023-C071-4594-B4E2-4E55BD849B64}.Debug|Any CPU.ActiveCfg = Debug|Any CPU
		{299E0023-C071-4594-B4E2-4E55BD849B64}.Debug|Any CPU.Build.0 = Debug|Any CPU
		{299E0023-C071-4594-B4E2-4E55BD849B64}.Release|Any CPU.ActiveCfg = Release|Any CPU
		{299E0023-C071-4594-B4E2-4E55BD849B64}.Release|Any CPU.Build.0 = Release|Any CPU
	EndGlobalSection
	GlobalSection(SolutionProperties) = preSolution
		HideSolutionNode = FALSE
	EndGlobalSection
	GlobalSection(ExtensibilityGlobals) = postSolution
		SolutionGuid = {086833C2-36CB-4CBD-B468-CC8BB5A9F7C4}
	EndGlobalSection
EndGlobal
